// !$*UTF8*$!
{
	archiveVersion = 1;
	classes = {
	};
	objectVersion = 50;
	objects = {

/* Begin PBXBuildFile section */
		67DFF4FE21B6E223004EC7FD /* AppDelegate.swift in Sources */ = {isa = PBXBuildFile; fileRef = 67DFF4FD21B6E223004EC7FD /* AppDelegate.swift */; };
		67DFF50021B6E223004EC7FD /* ViewController.swift in Sources */ = {isa = PBXBuildFile; fileRef = 67DFF4FF21B6E223004EC7FD /* ViewController.swift */; };
		67DFF50321B6E223004EC7FD /* Main.storyboard in Resources */ = {isa = PBXBuildFile; fileRef = 67DFF50121B6E223004EC7FD /* Main.storyboard */; };
		67DFF50521B6E225004EC7FD /* Assets.xcassets in Resources */ = {isa = PBXBuildFile; fileRef = 67DFF50421B6E225004EC7FD /* Assets.xcassets */; };
		67DFF50821B6E225004EC7FD /* LaunchScreen.storyboard in Resources */ = {isa = PBXBuildFile; fileRef = 67DFF50621B6E225004EC7FD /* LaunchScreen.storyboard */; };
		67DFF51121B6E38A004EC7FD /* Post.swift in Sources */ = {isa = PBXBuildFile; fileRef = 67DFF51021B6E38A004EC7FD /* Post.swift */; };
		67DFF51521B6F026004EC7FD /* PostCell.swift in Sources */ = {isa = PBXBuildFile; fileRef = 67DFF51421B6F026004EC7FD /* PostCell.swift */; };
		67DFF51721B6F64C004EC7FD /* DataService.swift in Sources */ = {isa = PBXBuildFile; fileRef = 67DFF51621B6F64C004EC7FD /* DataService.swift */; };
/* End PBXBuildFile section */

/* Begin PBXFileReference section */
		67DFF4FA21B6E223004EC7FD /* MyHood.app */ = {isa = PBXFileReference; explicitFileType = wrapper.application; includeInIndex = 0; path = MyHood.app; sourceTree = BUILT_PRODUCTS_DIR; };
		67DFF4FD21B6E223004EC7FD /* AppDelegate.swift */ = {isa = PBXFileReference; lastKnownFileType = sourcecode.swift; path = AppDelegate.swift; sourceTree = "<group>"; };
		67DFF4FF21B6E223004EC7FD /* ViewController.swift */ = {isa = PBXFileReference; lastKnownFileType = sourcecode.swift; path = ViewController.swift; sourceTree = "<group>"; };
		67DFF50221B6E223004EC7FD /* Base */ = {isa = PBXFileReference; lastKnownFileType = file.storyboard; name = Base; path = Base.lproj/Main.storyboard; sourceTree = "<group>"; };
		67DFF50421B6E225004EC7FD /* Assets.xcassets */ = {isa = PBXFileReference; lastKnownFileType = folder.assetcatalog; path = Assets.xcassets; sourceTree = "<group>"; };
		67DFF50721B6E225004EC7FD /* Base */ = {isa = PBXFileReference; lastKnownFileType = file.storyboard; name = Base; path = Base.lproj/LaunchScreen.storyboard; sourceTree = "<group>"; };
		67DFF50921B6E225004EC7FD /* Info.plist */ = {isa = PBXFileReference; lastKnownFileType = text.plist.xml; path = Info.plist; sourceTree = "<group>"; };
		67DFF51021B6E38A004EC7FD /* Post.swift */ = {isa = PBXFileReference; lastKnownFileType = sourcecode.swift; path = Post.swift; sourceTree = "<group>"; };
		67DFF51421B6F026004EC7FD /* PostCell.swift */ = {isa = PBXFileReference; lastKnownFileType = sourcecode.swift; path = PostCell.swift; sourceTree = "<group>"; };
		67DFF51621B6F64C004EC7FD /* DataService.swift */ = {isa = PBXFileReference; lastKnownFileType = sourcecode.swift; path = DataService.swift; sourceTree = "<group>"; };
/* End PBXFileReference section */

/* Begin PBXFrameworksBuildPhase section */
		67DFF4F721B6E223004EC7FD /* Frameworks */ = {
			isa = PBXFrameworksBuildPhase;
			buildActionMask = 2147483647;
			files = (
			);
			runOnlyForDeploymentPostprocessing = 0;
		};
/* End PBXFrameworksBuildPhase section */

/* Begin PBXGroup section */
		67DFF4F121B6E223004EC7FD = {
			isa = PBXGroup;
			children = (
				67DFF4FC21B6E223004EC7FD /* MyHood */,
				67DFF4FB21B6E223004EC7FD /* Products */,
			);
			sourceTree = "<group>";
		};
		67DFF4FB21B6E223004EC7FD /* Products */ = {
			isa = PBXGroup;
			children = (
				67DFF4FA21B6E223004EC7FD /* MyHood.app */,
			);
			name = Products;
			sourceTree = "<group>";
		};
		67DFF4FC21B6E223004EC7FD /* MyHood */ = {
			isa = PBXGroup;
			children = (
				67DFF51821B6F8A3004EC7FD /* DataService */,
				67DFF50F21B6E377004EC7FD /* Model */,
				67DFF51321B6F004004EC7FD /* View */,
				67DFF51221B6E5E6004EC7FD /* Controller */,
				67DFF4FD21B6E223004EC7FD /* AppDelegate.swift */,
				67DFF50121B6E223004EC7FD /* Main.storyboard */,
				67DFF50421B6E225004EC7FD /* Assets.xcassets */,
				67DFF50621B6E225004EC7FD /* LaunchScreen.storyboard */,
				67DFF50921B6E225004EC7FD /* Info.plist */,
			);
			path = MyHood;
			sourceTree = "<group>";
		};
		67DFF50F21B6E377004EC7FD /* Model */ = {
			isa = PBXGroup;
			children = (
				67DFF51021B6E38A004EC7FD /* Post.swift */,
			);
			path = Model;
			sourceTree = "<group>";
		};
		67DFF51221B6E5E6004EC7FD /* Controller */ = {
			isa = PBXGroup;
			children = (
				67DFF4FF21B6E223004EC7FD /* ViewController.swift */,
			);
			path = Controller;
			sourceTree = "<group>";
		};
		67DFF51321B6F004004EC7FD /* View */ = {
			isa = PBXGroup;
			children = (
				67DFF51421B6F026004EC7FD /* PostCell.swift */,
			);
			path = View;
			sourceTree = "<group>";
		};
		67DFF51821B6F8A3004EC7FD /* DataService */ = {
			isa = PBXGroup;
			children = (
				67DFF51621B6F64C004EC7FD /* DataService.swift */,
			);
			path = DataService;
			sourceTree = "<group>";
		};
/* End PBXGroup section */

/* Begin PBXNativeTarget section */
		67DFF4F921B6E223004EC7FD /* MyHood */ = {
			isa = PBXNativeTarget;
			buildConfigurationList = 67DFF50C21B6E225004EC7FD /* Build configuration list for PBXNativeTarget "MyHood" */;
			buildPhases = (
				67DFF4F621B6E223004EC7FD /* Sources */,
				67DFF4F721B6E223004EC7FD /* Frameworks */,
				67DFF4F821B6E223004EC7FD /* Resources */,
			);
			buildRules = (
			);
			dependencies = (
			);
			name = MyHood;
			productName = MyHood;
			productReference = 67DFF4FA21B6E223004EC7FD /* MyHood.app */;
			productType = "com.apple.product-type.application";
		};
/* End PBXNativeTarget section */

/* Begin PBXProject section */
		67DFF4F221B6E223004EC7FD /* Project object */ = {
			isa = PBXProject;
			attributes = {
				LastSwiftUpdateCheck = 1010;
				LastUpgradeCheck = 1010;
				ORGANIZATIONNAME = "Anna Kaukh";
				TargetAttributes = {
					67DFF4F921B6E223004EC7FD = {
						CreatedOnToolsVersion = 10.1;
					};
				};
			};
			buildConfigurationList = 67DFF4F521B6E223004EC7FD /* Build configuration list for PBXProject "MyHood" */;
			compatibilityVersion = "Xcode 9.3";
			developmentRegion = en;
			hasScannedForEncodings = 0;
			knownRegions = (
				en,
				Base,
			);
			mainGroup = 67DFF4F121B6E223004EC7FD;
			productRefGroup = 67DFF4FB21B6E223004EC7FD /* Products */;
			projectDirPath = "";
			projectRoot = "";
			targets = (
				67DFF4F921B6E223004EC7FD /* MyHood */,
			);
		};
/* End PBXProject section */

/* Begin PBXResourcesBuildPhase section */
		67DFF4F821B6E223004EC7FD /* Resources */ = {
			isa = PBXResourcesBuildPhase;
			buildActionMask = 2147483647;
			files = (
				67DFF50821B6E225004EC7FD /* LaunchScreen.storyboard in Resources */,
				67DFF50521B6E225004EC7FD /* Assets.xcassets in Resources */,
				67DFF50321B6E223004EC7FD /* Main.storyboard in Resources */,
			);
			runOnlyForDeploymentPostprocessing = 0;
		};
/* End PBXResourcesBuildPhase section */

/* Begin PBXSourcesBuildPhase section */
		67DFF4F621B6E223004EC7FD /* Sources */ = {
			isa = PBXSourcesBuildPhase;
			buildActionMask = 2147483647;
			files = (
				67DFF51121B6E38A004EC7FD /* Post.swift in Sources */,
				67DFF50021B6E223004EC7FD /* ViewController.swift in Sources */,
				67DFF4FE21B6E223004EC7FD /* AppDelegate.swift in Sources */,
				67DFF51521B6F026004EC7FD /* PostCell.swift in Sources */,
				67DFF51721B6F64C004EC7FD /* DataService.swift in Sources */,
			);
			runOnlyForDeploymentPostprocessing = 0;
		};
/* End PBXSourcesBuildPhase section */

/* Begin PBXVariantGroup section */
		67DFF50121B6E223004EC7FD /* Main.storyboard */ = {
			isa = PBXVariantGroup;
			children = (
				67DFF50221B6E223004EC7FD /* Base */,
			);
			name = Main.storyboard;
			sourceTree = "<group>";
		};
		67DFF50621B6E225004EC7FD /* LaunchScreen.storyboard */ = {
			isa = PBXVariantGroup;
			children = (
				67DFF50721B6E225004EC7FD /* Base */,
			);
			name = LaunchScreen.storyboard;
			sourceTree = "<group>";
		};
/* End PBXVariantGroup section */

/* Begin XCBuildConfiguration section */
		67DFF50A21B6E225004EC7FD /* Debug */ = {
			isa = XCBuildConfiguration;
			buildSettings = {
				ALWAYS_SEARCH_USER_PATHS = NO;
				CLANG_ANALYZER_NONNULL = YES;
				CLANG_ANALYZER_NUMBER_OBJECT_CONVERSION = YES_AGGRESSIVE;
				CLANG_CXX_LANGUAGE_STANDARD = "gnu++14";
				CLANG_CXX_LIBRARY = "libc++";
				CLANG_ENABLE_MODULES = YES;
				CLANG_ENABLE_OBJC_ARC = YES;
				CLANG_ENABLE_OBJC_WEAK = YES;
				CLANG_WARN_BLOCK_CAPTURE_AUTORELEASING = YES;
				CLANG_WARN_BOOL_CONVERSION = YES;
				CLANG_WARN_COMMA = YES;
				CLANG_WARN_CONSTANT_CONVERSION = YES;
				CLANG_WARN_DEPRECATED_OBJC_IMPLEMENTATIONS = YES;
				CLANG_WARN_DIRECT_OBJC_ISA_USAGE = YES_ERROR;
				CLANG_WARN_DOCUMENTATION_COMMENTS = YES;
				CLANG_WARN_EMPTY_BODY = YES;
				CLANG_WARN_ENUM_CONVERSION = YES;
				CLANG_WARN_INFINITE_RECURSION = YES;
				CLANG_WARN_INT_CONVERSION = YES;
				CLANG_WARN_NON_LITERAL_NULL_CONVERSION = YES;
				CLANG_WARN_OBJC_IMPLICIT_RETAIN_SELF = YES;
				CLANG_WARN_OBJC_LITERAL_CONVERSION = YES;
				CLANG_WARN_OBJC_ROOT_CLASS = YES_ERROR;
				CLANG_WARN_RANGE_LOOP_ANALYSIS = YES;
				CLANG_WARN_STRICT_PROTOTYPES = YES;
				CLANG_WARN_SUSPICIOUS_MOVE = YES;
				CLANG_WARN_UNGUARDED_AVAILABILITY = YES_AGGRESSIVE;
				CLANG_WARN_UNREACHABLE_CODE = YES;
				CLANG_WARN__DUPLICATE_METHOD_MATCH = YES;
				CODE_SIGN_IDENTITY = "iPhone Developer";
				COPY_PHASE_STRIP = NO;
				DEBUG_INFORMATION_FORMAT = dwarf;
				ENABLE_STRICT_OBJC_MSGSEND = YES;
				ENABLE_TESTABILITY = YES;
				GCC_C_LANGUAGE_STANDARD = gnu11;
				GCC_DYNAMIC_NO_PIC = NO;
				GCC_NO_COMMON_BLOCKS = YES;
				GCC_OPTIMIZATION_LEVEL = 0;
				GCC_PREPROCESSOR_DEFINITIONS = (
					"DEBUG=1",
					"$(inherited)",
				);
				GCC_WARN_64_TO_32_BIT_CONVERSION = YES;
				GCC_WARN_ABOUT_RETURN_TYPE = YES_ERROR;
				GCC_WARN_UNDECLARED_SELECTOR = YES;
				GCC_WARN_UNINITIALIZED_AUTOS = YES_AGGRESSIVE;
				GCC_WARN_UNUSED_FUNCTION = YES;
				GCC_WARN_UNUSED_VARIABLE = YES;
				IPHONEOS_DEPLOYMENT_TARGET = 12.1;
				MTL_ENABLE_DEBUG_INFO = INCLUDE_SOURCE;
				MTL_FAST_MATH = YES;
				ONLY_ACTIVE_ARCH = YES;
				SDKROOT = iphoneos;
				SWIFT_ACTIVE_COMPILATION_CONDITIONS = DEBUG;
				SWIFT_OPTIMIZATION_LEVEL = "-Onone";
			};
			name = Debug;
		};
		67DFF50B21B6E225004EC7FD /* Release */ = {
			isa = XCBuildConfiguration;
			buildSettings = {
				ALWAYS_SEARCH_USER_PATHS = NO;
				CLANG_ANALYZER_NONNULL = YES;
				CLANG_ANALYZER_NUMBER_OBJECT_CONVERSION = YES_AGGRESSIVE;
				CLANG_CXX_LANGUAGE_STANDARD = "gnu++14";
				CLANG_CXX_LIBRARY = "libc++";
				CLANG_ENABLE_MODULES = YES;
				CLANG_ENABLE_OBJC_ARC = YES;
				CLANG_ENABLE_OBJC_WEAK = YES;
				CLANG_WARN_BLOCK_CAPTURE_AUTORELEASING = YES;
				CLANG_WARN_BOOL_CONVERSION = YES;
				CLANG_WARN_COMMA = YES;
				CLANG_WARN_CONSTANT_CONVERSION = YES;
				CLANG_WARN_DEPRECATED_OBJC_IMPLEMENTATIONS = YES;
				CLANG_WARN_DIRECT_OBJC_ISA_USAGE = YES_ERROR;
				CLANG_WARN_DOCUMENTATION_COMMENTS = YES;
				CLANG_WARN_EMPTY_BODY = YES;
				CLANG_WARN_ENUM_CONVERSION = YES;
				CLANG_WARN_INFINITE_RECURSION = YES;
				CLANG_WARN_INT_CONVERSION = YES;
				CLANG_WARN_NON_LITERAL_NULL_CONVERSION = YES;
				CLANG_WARN_OBJC_IMPLICIT_RETAIN_SELF = YES;
				CLANG_WARN_OBJC_LITERAL_CONVERSION = YES;
				CLANG_WARN_OBJC_ROOT_CLASS = YES_ERROR;
				CLANG_WARN_RANGE_LOOP_ANALYSIS = YES;
				CLANG_WARN_STRICT_PROTOTYPES = YES;
				CLANG_WARN_SUSPICIOUS_MOVE = YES;
				CLANG_WARN_UNGUARDED_AVAILABILITY = YES_AGGRESSIVE;
				CLANG_WARN_UNREACHABLE_CODE = YES;
				CLANG_WARN__DUPLICATE_METHOD_MATCH = YES;
				CODE_SIGN_IDENTITY = "iPhone Developer";
				COPY_PHASE_STRIP = NO;
				DEBUG_INFORMATION_FORMAT = "dwarf-with-dsym";
				ENABLE_NS_ASSERTIONS = NO;
				ENABLE_STRICT_OBJC_MSGSEND = YES;
				GCC_C_LANGUAGE_STANDARD = gnu11;
				GCC_NO_COMMON_BLOCKS = YES;
				GCC_WARN_64_TO_32_BIT_CONVERSION = YES;
				GCC_WARN_ABOUT_RETURN_TYPE = YES_ERROR;
				GCC_WARN_UNDECLARED_SELECTOR = YES;
				GCC_WARN_UNINITIALIZED_AUTOS = YES_AGGRESSIVE;
				GCC_WARN_UNUSED_FUNCTION = YES;
				GCC_WARN_UNUSED_VARIABLE = YES;
				IPHONEOS_DEPLOYMENT_TARGET = 12.1;
				MTL_ENABLE_DEBUG_INFO = NO;
				MTL_FAST_MATH = YES;
				SDKROOT = iphoneos;
				SWIFT_COMPILATION_MODE = wholemodule;
				SWIFT_OPTIMIZATION_LEVEL = "-O";
				VALIDATE_PRODUCT = YES;
			};
			name = Release;
		};
		67DFF50D21B6E225004EC7FD /* Debug */ = {
			isa = XCBuildConfiguration;
			buildSettings = {
				ASSETCATALOG_COMPILER_APPICON_NAME = AppIcon;
				CODE_SIGN_STYLE = Automatic;
				DEVELOPMENT_TEAM = SC2QKC7U99;
				INFOPLIST_FILE = MyHood/Info.plist;
				LD_RUNPATH_SEARCH_PATHS = (
					"$(inherited)",
					"@executable_path/Frameworks",
				);
				PRODUCT_BUNDLE_IDENTIFIER = "com.Anna-Kaukh.MyHood";
				PRODUCT_NAME = "$(TARGET_NAME)";
				SWIFT_VERSION = 4.2;
				TARGETED_DEVICE_FAMILY = "1,2";
			};
			name = Debug;
		};
		67DFF50E21B6E225004EC7FD /* Release */ = {
			isa = XCBuildConfiguration;
			buildSettings = {
				ASSETCATALOG_COMPILER_APPICON_NAME = AppIcon;
				CODE_SIGN_STYLE = Automatic;
				DEVELOPMENT_TEAM = SC2QKC7U99;
				INFOPLIST_FILE = MyHood/Info.plist;
				LD_RUNPATH_SEARCH_PATHS = (
					"$(inherited)",
					"@executable_path/Frameworks",
				);
				PRODUCT_BUNDLE_IDENTIFIER = "com.Anna-Kaukh.MyHood";
				PRODUCT_NAME = "$(TARGET_NAME)";
				SWIFT_VERSION = 4.2;
				TARGETED_DEVICE_FAMILY = "1,2";
			};
			name = Release;
		};
/* End XCBuildConfiguration section */

/* Begin XCConfigurationList section */
		67DFF4F521B6E223004EC7FD /* Build configuration list for PBXProject "MyHood" */ = {
			isa = XCConfigurationList;
			buildConfigurations = (
				67DFF50A21B6E225004EC7FD /* Debug */,
				67DFF50B21B6E225004EC7FD /* Release */,
			);
			defaultConfigurationIsVisible = 0;
			defaultConfigurationName = Release;
		};
		67DFF50C21B6E225004EC7FD /* Build configuration list for PBXNativeTarget "MyHood" */ = {
			isa = XCConfigurationList;
			buildConfigurations = (
				67DFF50D21B6E225004EC7FD /* Debug */,
				67DFF50E21B6E225004EC7FD /* Release */,
			);
			defaultConfigurationIsVisible = 0;
			defaultConfigurationName = Release;
		};
/* End XCConfigurationList section */
	};
	rootObject = 67DFF4F221B6E223004EC7FD /* Project object */;
}
